hash: 1bd4fdb72b24c27699362b0099b7055753ad6e20781d6fa0b1cd5f5237caf301
updated: 2017-08-23T14:28:25.852448442+09:00
imports:
- name: github.com/lann/builder
  version: f22ce00fd9394014049dad11c244859432bd6820
- name: github.com/lann/ps
  version: 62de8c46ede02a7675c4c79c84883eb164cb71e3
- name: github.com/lestrrat/go-test-mysqld
  version: efcad5e3def274f89483d96eec81e48f683ecd6e
- name: github.com/Masterminds/squirrel
  version: 6f6314605b0813a729e29fcc7a51ffae22d368f1
- name: github.com/pkg/errors
  version: c605e284fe17294bda444b34710735b29d1a9d90
- name: github.com/shogo82148/txmanager
  version: c4895d11d9944bdad30c380c1b122c77d97c0dc8
- name: gopkg.in/yaml.v2
  version: eb3733d160e74a9c7e442f435eb3bea458e1d19f
testImports:
- name: github.com/go-sql-driver/mysql
  version: 26471af196a17ee75a22e6481b5a5897fb16b081
- name: github.com/lestrrat/go-tcputil
  version: 3cae7c8432aeb817399f001e0db3f5bb04e8b8a6
