github.com/Masterminds/squirrel v0.0.0-20170813035153-6f6314605b08 h1:BUoPgatRmUujRjDJ8xOhIdkwnNWgXt25Y8/jxVgUJb8=
github.com/Masterminds/squirrel v0.0.0-20170813035153-6f6314605b08/go.mod h1:xnKTFzjGUiZtiOagBsfnvomW+nJg2usB1ZpordQWqNM=
github.com/go-sql-driver/mysql v1.4.1 h1:g24URVg0OFbNUTx9qqY1IRZ9D9z3iPyi5zKhQZpNwpA=
github.com/go-sql-driver/mysql v1.4.1/go.mod h1:zAC/RDZ24gD3HViQzih4MyKcchzm+sOG5ZlKdlhCg5w=
github.com/lann/builder v0.0.0-20150808151131-f22ce00fd939 h1:yZJImkCmVI6d1uJ9KRRf/96YbFLDQ/hhs6Xt9Z3OBXI=
github.com/lann/builder v0.0.0-20150808151131-f22ce00fd939/go.mod h1:dXGbAdH5GtBTC4WfIxhKZfyBF/HBFgRZSWwZ9g/He9o=
github.com/lann/ps v0.0.0-20150810152359-62de8c46ede0 h1:P6pPBnrTSX3DEVR4fDembhRWSsG5rVo6hYhAB/ADZrk=
github.com/lann/ps v0.0.0-20150810152359-62de8c46ede0/go.mod h1:vmVJ0l/dxyfGW6FmdpVm2joNMFikkuWg0EoCKLGUMNw=
github.com/lestrrat-go/tcputil v0.0.0-20180223003554-d3c7f98154fb h1:sb9NxqWoS17VT3aZd4mlBm48bsaHB1Fvwro3H/uiuZM=
github.com/lestrrat-go/tcputil v0.0.0-20180223003554-d3c7f98154fb/go.mod h1:bBamYL9/WjNn0b2CS4v4F8cHmWRpClSxrpEoAY+maJo=
github.com/lestrrat-go/test-mysqld v0.0.0-20181002092724-b25618440bf6 h1:lE4GuzvHIF0aAfD6Myht/+HpTuUZ2Pvi5oYA6MjVXkM=
github.com/lestrrat-go/test-mysqld v0.0.0-20181002092724-b25618440bf6/go.mod h1:nNdGDcaEskqrh833et3XzSkflbxqVuf5OBX4S/ho/CM=
github.com/lestrrat/go-tcputil v0.0.0-20180223002529-67ef49c1ebf3 h1:qbEBRH3oeH2wOK6dvB6ug/L1ypurkhbD+1HTrrIEI4Q=
github.com/lestrrat/go-tcputil v0.0.0-20180223002529-67ef49c1ebf3/go.mod h1:B+/nnJuKL4WcXSYfHy1SqQeHbl58EeOVNOJvXmtgi+k=
github.com/lestrrat/go-test-mysqld v0.0.0-20161118000117-efcad5e3def2 h1:O472JmjeCqnUm2s9OCxtHqOQnUB8+eNFT6vcoOBWR7Y=
github.com/lestrrat/go-test-mysqld v0.0.0-20161118000117-efcad5e3def2/go.mod h1:NAqKFxaMS3CljQDZCh03ksMJJYbOG3o1XoFJZduxsI8=
github.com/pkg/errors v0.0.0-20170505043639-c605e284fe17 h1:chPfVn+gpAM5CTpTyVU9j8J+xgRGwmoDlNDLjKnJiYo=
github.com/pkg/errors v0.0.0-20170505043639-c605e284fe17/go.mod h1:bwawxfHBFNV+L2hUp1rHADufV3IMtnDRdf1r5NINEl0=
github.com/shogo82148/txmanager v0.0.0-20150517130359-c4895d11d994 h1:ZWaIctXE8WtRMcICCPtN7DjRQ4QF/HdAvmAjqOTuqB0=
github.com/shogo82148/txmanager v0.0.0-20150517130359-c4895d11d994/go.mod h1:vMuS1iY1BDbH6Y6tXhKIWLQDYScp9b6rpMYWkAI3xt8=
golang.org/x/crypto v0.0.0-20190308221718-c2843e01d9a2/go.mod h1:djNgcEr1/C05ACkg1iLfiJU5Ep61QUkGW8qpdssI0+w=
golang.org/x/crypto v0.0.0-20190411191339-88737f569e3a/go.mod h1:WFFai1msRO1wXaEeE5yQxYXgSfI8pQAWXbQop6sCtWE=
golang.org/x/net v0.0.0-20190311183353-d8887717615a/go.mod h1:t9HGtf8HONx5eT2rtn7q6eTqICYqUVnKs3thJo3Qplg=
golang.org/x/net v0.0.0-20190415214537-1da14a5a36f2/go.mod h1:t9HGtf8HONx5eT2rtn7q6eTqICYqUVnKs3thJo3Qplg=
golang.org/x/sys v0.0.0-20190215142949-d0b11bdaac8a/go.mod h1:STP8DvDyc/dI5b8T5hshtkjS+E42TnysNCUPdjciGhY=
golang.org/x/sys v0.0.0-20190403152447-81d4e9dc473e/go.mod h1:h1NjWce9XRLGQEsW7wpKNCjG9DtNlClVuFLEZdDNbEs=
golang.org/x/sys v0.0.0-20190416152802-12500544f89f/go.mod h1:h1NjWce9XRLGQEsW7wpKNCjG9DtNlClVuFLEZdDNbEs=
golang.org/x/text v0.3.0/go.mod h1:NqM8EUOU14njkJ3fqMW+pc6Ldnwhi/IjpwHt7yyuwOQ=
golang.org/x/tools v0.0.0-20190417005754-4ca4b55e2050 h1:F2v+dqex82KbcdFuJrgIWjWXfT48L8i0Qh8NFaZPNZg=
golang.org/x/tools v0.0.0-20190417005754-4ca4b55e2050/go.mod h1:LCzVGOaR6xXOjkQ3onu1FJEFr0SW1gC7cKk1uF8kGRs=
gopkg.in/yaml.v2 v2.0.0-20170812160011-eb3733d160e7 h1:+t9dhfO+GNOIGJof6kPOAenx7YgrZMTdRPV+EsnPabk=
gopkg.in/yaml.v2 v2.0.0-20170812160011-eb3733d160e7/go.mod h1:JAlM8MvJe8wmxCU4Bli9HhUf9+ttbYbLASfIpnQbh74=
