github.com/Masterminds/squirrel v0.0.0-20170813035153-6f6314605b08 h1:BUoPgatRmUujRjDJ8xOhIdkwnNWgXt25Y8/jxVgUJb8=
github.com/Masterminds/squirrel v0.0.0-20170813035153-6f6314605b08/go.mod h1:xnKTFzjGUiZtiOagBsfnvomW+nJg2usB1ZpordQWqNM=
github.com/go-sql-driver/mysql v1.4.1 h1:g24URVg0OFbNUTx9qqY1IRZ9D9z3iPyi5zKhQZpNwpA=
github.com/go-sql-driver/mysql v1.4.1/go.mod h1:zAC/RDZ24gD3HViQzih4MyKcchzm+sOG5ZlKdlhCg5w=
github.com/lann/builder v0.0.0-20150808151131-f22ce00fd939 h1:yZJImkCmVI6d1uJ9KRRf/96YbFLDQ/hhs6Xt9Z3OBXI=
github.com/lann/builder v0.0.0-20150808151131-f22ce00fd939/go.mod h1:dXGbAdH5GtBTC4WfIxhKZfyBF/HBFgRZSWwZ9g/He9o=
github.com/lann/ps v0.0.0-20150810152359-62de8c46ede0 h1:P6pPBnrTSX3DEVR4fDembhRWSsG5rVo6hYhAB/ADZrk=
github.com/lann/ps v0.0.0-20150810152359-62de8c46ede0/go.mod h1:vmVJ0l/dxyfGW6FmdpVm2joNMFikkuWg0EoCKLGUMNw=
github.com/lestrrat-go/tcputil v0.0.0-20180223003554-d3c7f98154fb h1:sb9NxqWoS17VT3aZd4mlBm48bsaHB1Fvwro3H/uiuZM=
github.com/lestrrat-go/tcputil v0.0.0-20180223003554-d3c7f98154fb/go.mod h1:bBamYL9/WjNn0b2CS4v4F8cHmWRpClSxrpEoAY+maJo=
github.com/lestrrat-go/test-mysqld v0.0.0-20181002092724-b25618440bf6 h1:lE4GuzvHIF0aAfD6Myht/+HpTuUZ2Pvi5oYA6MjVXkM=
github.com/lestrrat-go/test-mysqld v0.0.0-20181002092724-b25618440bf6/go.mod h1:nNdGDcaEskqrh833et3XzSkflbxqVuf5OBX4S/ho/CM=
github.com/lestrrat/go-tcputil v0.0.0-20180223002529-67ef49c1ebf3 h1:qbEBRH3oeH2wOK6dvB6ug/L1ypurkhbD+1HTrrIEI4Q=
github.com/lestrrat/go-tcputil v0.0.0-20180223002529-67ef49c1ebf3/go.mod h1:B+/nnJuKL4WcXSYfHy1SqQeHbl58EeOVNOJvXmtgi+k=
github.com/lestrrat/go-test-mysqld v0.0.0-20161118000117-efcad5e3def2 h1:O472JmjeCqnUm2s9OCxtHqOQnUB8+eNFT6vcoOBWR7Y=
github.com/lestrrat/go-test-mysqld v0.0.0-20161118000117-efcad5e3def2/go.mod h1:NAqKFxaMS3CljQDZCh03ksMJJYbOG3o1XoFJZduxsI8=
github.com/pkg/errors v0.0.0-20170505043639-c605e284fe17 h1:chPfVn+gpAM5CTpTyVU9j8J+xgRGwmoDlNDLjKnJiYo=
github.com/pkg/errors v0.0.0-20170505043639-c605e284fe17/go.mod h1:bwawxfHBFNV+L2hUp1rHADufV3IMtnDRdf1r5NINEl0=
github.com/shogo82148/txmanager v0.0.0-20150517130359-c4895d11d994 h1:ZWaIctXE8WtRMcICCPtN7DjRQ4QF/HdAvmAjqOTuqB0=
github.com/shogo82148/txmanager v0.0.0-20150517130359-c4895d11d994/go.mod h1:vMuS1iY1BDbH6Y6tXhKIWLQDYScp9b6rpMYWkAI3xt8=
gopkg.in/yaml.v2 v2.0.0-20170812160011-eb3733d160e7 h1:+t9dhfO+GNOIGJof6kPOAenx7YgrZMTdRPV+EsnPabk=
gopkg.in/yaml.v2 v2.0.0-20170812160011-eb3733d160e7/go.mod h1:JAlM8MvJe8wmxCU4Bli9HhUf9+ttbYbLASfIpnQbh74=
